
Microsoft Visual Studio Solution File, Format Version 12.00
# Visual Studio 15
VisualStudioVersion = 15.0.27004.2006
MinimumVisualStudioVersion = 10.0.40219.1
Project("{FAE04EC0-301F-11D3-BF4B-00C04F79EFBC}") = "UsersRegistration", "UsersRegistration\UsersRegistration.csproj", "{FF31AFB1-4C55-4BC0-A7F3-AE24499243F4}"
EndProject
Global
	GlobalSection(SolutionConfigurationPlatforms) = preSolution
		Debug|Any CPU = Debug|Any CPU
		Release|Any CPU = Release|Any CPU
	EndGlobalSection
	GlobalSection(ProjectConfigurationPlatforms) = postSolution
		{FF31AFB1-4C55-4BC0-A7F3-AE24499243F4}.Debug|Any CPU.ActiveCfg = Debug|Any CPU
		{FF31AFB1-4C55-4BC0-A7F3-AE24499243F4}.Debug|Any CPU.Build.0 = Debug|Any CPU
		{FF31AFB1-4C55-4BC0-A7F3-AE24499243F4}.Release|Any CPU.ActiveCfg = Release|Any CPU
		{FF31AFB1-4C55-4BC0-A7F3-AE24499243F4}.Release|Any CPU.Build.0 = Release|Any CPU
	EndGlobalSection
	GlobalSection(SolutionProperties) = preSolution
		HideSolutionNode = FALSE
	EndGlobalSection
	GlobalSection(ExtensibilityGlobals) = postSolution
		SolutionGuid = {3D1AB9EB-C6D3-4D54-987C-55389F83FF5C}
	EndGlobalSection
EndGlobal
